
Microsoft Visual Studio Solution File, Format Version 12.00
# Visual Studio Version 16
VisualStudioVersion = 16.0.31424.327
MinimumVisualStudioVersion = 10.0.40219.1
Project("{FAE04EC0-301F-11D3-BF4B-00C04F79EFBC}") = "ExerciseArquivos", "ExerciseArquivos\ExerciseArquivos.csproj", "{95971C79-06D7-4278-BC49-AB88FFCB8E15}"
EndProject
Global
	GlobalSection(SolutionConfigurationPlatforms) = preSolution
		Debug|Any CPU = Debug|Any CPU
		Release|Any CPU = Release|Any CPU
	EndGlobalSection
	GlobalSection(ProjectConfigurationPlatforms) = postSolution
		{95971C79-06D7-4278-BC49-AB88FFCB8E15}.Debug|Any CPU.ActiveCfg = Debug|Any CPU
		{95971C79-06D7-4278-BC49-AB88FFCB8E15}.Debug|Any CPU.Build.0 = Debug|Any CPU
		{95971C79-06D7-4278-BC49-AB88FFCB8E15}.Release|Any CPU.ActiveCfg = Release|Any CPU
		{95971C79-06D7-4278-BC49-AB88FFCB8E15}.Release|Any CPU.Build.0 = Release|Any CPU
	EndGlobalSection
	GlobalSection(SolutionProperties) = preSolution
		HideSolutionNode = FALSE
	EndGlobalSection
	GlobalSection(ExtensibilityGlobals) = postSolution
		SolutionGuid = {D75E8D23-B295-4B99-84E3-8DA53362F332}
	EndGlobalSection
EndGlobal
